
Microsoft Visual Studio Solution File, Format Version 12.00
Project("{FAE04EC0-301F-11D3-BF4B-00C04F79EFBC}") = "HorCup.Presentation", "src\HorCup.Presentation\HorCup.Presentation.csproj", "{662BD645-F085-4CA3-AB93-57476D12B9CA}"
EndProject
Project("{2150E333-8FDC-42A3-9474-1A3956D46DE8}") = "src", "src", "{72EF4A8D-BEBC-4C3E-96E5-325C211AEFCF}"
EndProject
Project("{2150E333-8FDC-42A3-9474-1A3956D46DE8}") = "tests", "tests", "{EAF15B9F-EEA8-4F4F-B2EF-BF636B4E34A4}"
EndProject
Project("{FAE04EC0-301F-11D3-BF4B-00C04F79EFBC}") = "HorCup.Tests", "tests\HorCup.Tests\HorCup.Tests.csproj", "{6C92C4A4-AEAE-4F47-BA7B-5DD6C4F90D9A}"
EndProject
Project("{FAE04EC0-301F-11D3-BF4B-00C04F79EFBC}") = "HorCup.IdentityServer", "src\HorCup.IdentityServer\HorCup.IdentityServer.csproj", "{E91A5BEF-9157-4711-897A-32855E7F918B}"
EndProject
Global
	GlobalSection(SolutionConfigurationPlatforms) = preSolution
		Debug|Any CPU = Debug|Any CPU
		Release|Any CPU = Release|Any CPU
	EndGlobalSection
	GlobalSection(ProjectConfigurationPlatforms) = postSolution
		{662BD645-F085-4CA3-AB93-57476D12B9CA}.Debug|Any CPU.ActiveCfg = Debug|Any CPU
		{662BD645-F085-4CA3-AB93-57476D12B9CA}.Debug|Any CPU.Build.0 = Debug|Any CPU
		{662BD645-F085-4CA3-AB93-57476D12B9CA}.Release|Any CPU.ActiveCfg = Release|Any CPU
		{662BD645-F085-4CA3-AB93-57476D12B9CA}.Release|Any CPU.Build.0 = Release|Any CPU
		{6C92C4A4-AEAE-4F47-BA7B-5DD6C4F90D9A}.Debug|Any CPU.ActiveCfg = Debug|Any CPU
		{6C92C4A4-AEAE-4F47-BA7B-5DD6C4F90D9A}.Debug|Any CPU.Build.0 = Debug|Any CPU
		{6C92C4A4-AEAE-4F47-BA7B-5DD6C4F90D9A}.Release|Any CPU.ActiveCfg = Release|Any CPU
		{6C92C4A4-AEAE-4F47-BA7B-5DD6C4F90D9A}.Release|Any CPU.Build.0 = Release|Any CPU
		{E91A5BEF-9157-4711-897A-32855E7F918B}.Debug|Any CPU.ActiveCfg = Debug|Any CPU
		{E91A5BEF-9157-4711-897A-32855E7F918B}.Debug|Any CPU.Build.0 = Debug|Any CPU
		{E91A5BEF-9157-4711-897A-32855E7F918B}.Release|Any CPU.ActiveCfg = Release|Any CPU
		{E91A5BEF-9157-4711-897A-32855E7F918B}.Release|Any CPU.Build.0 = Release|Any CPU
	EndGlobalSection
	GlobalSection(NestedProjects) = preSolution
		{662BD645-F085-4CA3-AB93-57476D12B9CA} = {72EF4A8D-BEBC-4C3E-96E5-325C211AEFCF}
		{6C92C4A4-AEAE-4F47-BA7B-5DD6C4F90D9A} = {EAF15B9F-EEA8-4F4F-B2EF-BF636B4E34A4}
		{E91A5BEF-9157-4711-897A-32855E7F918B} = {72EF4A8D-BEBC-4C3E-96E5-325C211AEFCF}
	EndGlobalSection
EndGlobal
