
Microsoft Visual Studio Solution File, Format Version 12.00
Project("{FAE04EC0-301F-11D3-BF4B-00C04F79EFBC}") = "HorCup.Presentation", "src\HorCup.Presentation\HorCup.Presentation.csproj", "{662BD645-F085-4CA3-AB93-57476D12B9CA}"
EndProject
Project("{2150E333-8FDC-42A3-9474-1A3956D46DE8}") = "src", "src", "{72EF4A8D-BEBC-4C3E-96E5-325C211AEFCF}"
EndProject
Global
	GlobalSection(SolutionConfigurationPlatforms) = preSolution
		Debug|Any CPU = Debug|Any CPU
		Release|Any CPU = Release|Any CPU
	EndGlobalSection
	GlobalSection(ProjectConfigurationPlatforms) = postSolution
		{662BD645-F085-4CA3-AB93-57476D12B9CA}.Debug|Any CPU.ActiveCfg = Debug|Any CPU
		{662BD645-F085-4CA3-AB93-57476D12B9CA}.Debug|Any CPU.Build.0 = Debug|Any CPU
		{662BD645-F085-4CA3-AB93-57476D12B9CA}.Release|Any CPU.ActiveCfg = Release|Any CPU
		{662BD645-F085-4CA3-AB93-57476D12B9CA}.Release|Any CPU.Build.0 = Release|Any CPU
	EndGlobalSection
	GlobalSection(NestedProjects) = preSolution
		{662BD645-F085-4CA3-AB93-57476D12B9CA} = {72EF4A8D-BEBC-4C3E-96E5-325C211AEFCF}
	EndGlobalSection
EndGlobal
