
Microsoft Visual Studio Solution File, Format Version 12.00
# Visual Studio Version 16
VisualStudioVersion = 16.0.31112.23
MinimumVisualStudioVersion = 10.0.40219.1
Project("{9A19103F-16F7-4668-BE54-9A1E7A4F7556}") = "HorCup.Presentation", "src\HorCup.Presentation\HorCup.Presentation.csproj", "{662BD645-F085-4CA3-AB93-57476D12B9CA}"
EndProject
Project("{2150E333-8FDC-42A3-9474-1A3956D46DE8}") = "src", "src", "{72EF4A8D-BEBC-4C3E-96E5-325C211AEFCF}"
EndProject
Project("{2150E333-8FDC-42A3-9474-1A3956D46DE8}") = "tests", "tests", "{EAF15B9F-EEA8-4F4F-B2EF-BF636B4E34A4}"
EndProject
Project("{9A19103F-16F7-4668-BE54-9A1E7A4F7556}") = "HorCup.IdentityServer", "src\HorCup.IdentityServer\HorCup.IdentityServer.csproj", "{E91A5BEF-9157-4711-897A-32855E7F918B}"
EndProject
Project("{9A19103F-16F7-4668-BE54-9A1E7A4F7556}") = "HorCup.Infrastructure", "src\HorCup.Infrastructure\HorCup.Infrastructure.csproj", "{1E629A43-6582-40C4-948D-6C6C8E746160}"
EndProject
Project("{E53339B2-1760-4266-BCC7-CA923CBCF16C}") = "docker-compose", "docker-compose.dcproj", "{DBEFE47D-0BFE-4BAF-AA30-7AFD2566E22A}"
EndProject
Project("{2150E333-8FDC-42A3-9474-1A3956D46DE8}") = "Infrastructure", "Infrastructure", "{EF0CEDC7-5EF2-4842-866E-637250F02C75}"
EndProject
Project("{FAE04EC0-301F-11D3-BF4B-00C04F79EFBC}") = "HorCup.Tests.Integration", "tests\HorCup.Tests.Integration\HorCup.Tests.Integration.csproj", "{6AD4773C-03CD-4F4C-8D77-29A01DFE2CD5}"
EndProject
Project("{FAE04EC0-301F-11D3-BF4B-00C04F79EFBC}") = "HorCup.Players", "src\HorCup.Players\HorCup.Players.csproj", "{3D0FC459-DB72-4112-B2A5-2CFE65AFE4A4}"
EndProject
Project("{2150E333-8FDC-42A3-9474-1A3956D46DE8}") = "Players", "Players", "{7208E29C-4B3E-477A-9698-5DBDCAF1DDF5}"
EndProject
Project("{FAE04EC0-301F-11D3-BF4B-00C04F79EFBC}") = "HorCup.Players.Tests", "src\HorCup.Players.Tests\HorCup.Players.Tests.csproj", "{F9D629AF-9536-4593-9B46-9199EC87EB8A}"
EndProject
Project("{2150E333-8FDC-42A3-9474-1A3956D46DE8}") = "Games", "Games", "{5657DE02-AEA4-4FDB-94FB-49973F72FE92}"
EndProject
Project("{FAE04EC0-301F-11D3-BF4B-00C04F79EFBC}") = "HorCup.Games", "src\HorCup.Games\HorCup.Games.csproj", "{189553AA-057F-49D5-B6AA-3A2568842414}"
EndProject
Project("{2150E333-8FDC-42A3-9474-1A3956D46DE8}") = "Plays", "Plays", "{2881AE3D-B9CB-4EC5-953E-0DC3A45CC84E}"
EndProject
Project("{FAE04EC0-301F-11D3-BF4B-00C04F79EFBC}") = "HorCup.Plays", "src\HorCup.Plays\HorCup.Plays.csproj", "{5C50032B-EC06-45DB-89CA-63DEA307E2CF}"
EndProject
Project("{2150E333-8FDC-42A3-9474-1A3956D46DE8}") = "IdentityServer", "IdentityServer", "{E3AE3CC8-0A06-45C1-B5D9-B0C27E86DCB6}"
EndProject
Project("{2150E333-8FDC-42A3-9474-1A3956D46DE8}") = "Statistic", "Statistic", "{52F4F741-680E-41CE-987B-87BD16928AC6}"
EndProject
Project("{FAE04EC0-301F-11D3-BF4B-00C04F79EFBC}") = "HorCup.Statistic", "src\HorCup.Statistic\HorCup.Statistic.csproj", "{E08AA212-D671-4223-BCB9-F0969B456CF6}"
EndProject
Project("{2150E333-8FDC-42A3-9474-1A3956D46DE8}") = "Presentation", "Presentation", "{714EB5A0-91CB-4B84-8F2A-6C41572687BC}"
EndProject
Project("{2150E333-8FDC-42A3-9474-1A3956D46DE8}") = "Players", "Players", "{7BC88CF7-8F62-422D-9706-97155D4E3E12}"
EndProject
Project("{2150E333-8FDC-42A3-9474-1A3956D46DE8}") = "Games", "Games", "{701466A1-51AD-4D50-8932-38CBE71225CF}"
EndProject
Project("{FAE04EC0-301F-11D3-BF4B-00C04F79EFBC}") = "HorCup.Games.Tests", "tests\HorCup.Games.Tests\HorCup.Games.Tests.csproj", "{0F07E214-E117-4CAE-B917-3C85C8FB1347}"
EndProject
Project("{FAE04EC0-301F-11D3-BF4B-00C04F79EFBC}") = "HorCup.Tests.Base", "tests\HorCup.Tests.Base\HorCup.Tests.Base.csproj", "{24377AB9-AB46-4255-8937-095F34A9D667}"
EndProject
Project("{FAE04EC0-301F-11D3-BF4B-00C04F79EFBC}") = "HorCup.Plays.Shared", "src\HorCup.Plays.Shared\HorCup.Plays.Shared.csproj", "{DB8AF8B7-083D-4E02-A023-ACE3004680F8}"
EndProject
Project("{2150E333-8FDC-42A3-9474-1A3956D46DE8}") = "Plays", "Plays", "{3D69C90A-F6C5-4CEC-8F00-7D2FFC13F025}"
EndProject
Project("{FAE04EC0-301F-11D3-BF4B-00C04F79EFBC}") = "HorCup.Plays.Tests", "tests\HorCup.Plays.Tests\HorCup.Plays.Tests.csproj", "{75BC8782-BFA3-4A97-8FFE-62F55EF9B1A3}"
EndProject
Global
	GlobalSection(SolutionConfigurationPlatforms) = preSolution
		Debug|Any CPU = Debug|Any CPU
		Release|Any CPU = Release|Any CPU
	EndGlobalSection
	GlobalSection(ProjectConfigurationPlatforms) = postSolution
		{662BD645-F085-4CA3-AB93-57476D12B9CA}.Debug|Any CPU.ActiveCfg = Debug|Any CPU
		{662BD645-F085-4CA3-AB93-57476D12B9CA}.Debug|Any CPU.Build.0 = Debug|Any CPU
		{662BD645-F085-4CA3-AB93-57476D12B9CA}.Release|Any CPU.ActiveCfg = Release|Any CPU
		{662BD645-F085-4CA3-AB93-57476D12B9CA}.Release|Any CPU.Build.0 = Release|Any CPU
		{E91A5BEF-9157-4711-897A-32855E7F918B}.Debug|Any CPU.ActiveCfg = Debug|Any CPU
		{E91A5BEF-9157-4711-897A-32855E7F918B}.Debug|Any CPU.Build.0 = Debug|Any CPU
		{E91A5BEF-9157-4711-897A-32855E7F918B}.Release|Any CPU.ActiveCfg = Release|Any CPU
		{E91A5BEF-9157-4711-897A-32855E7F918B}.Release|Any CPU.Build.0 = Release|Any CPU
		{1E629A43-6582-40C4-948D-6C6C8E746160}.Debug|Any CPU.ActiveCfg = Debug|Any CPU
		{1E629A43-6582-40C4-948D-6C6C8E746160}.Debug|Any CPU.Build.0 = Debug|Any CPU
		{1E629A43-6582-40C4-948D-6C6C8E746160}.Release|Any CPU.ActiveCfg = Release|Any CPU
		{1E629A43-6582-40C4-948D-6C6C8E746160}.Release|Any CPU.Build.0 = Release|Any CPU
		{DBEFE47D-0BFE-4BAF-AA30-7AFD2566E22A}.Debug|Any CPU.ActiveCfg = Debug|Any CPU
		{DBEFE47D-0BFE-4BAF-AA30-7AFD2566E22A}.Debug|Any CPU.Build.0 = Debug|Any CPU
		{DBEFE47D-0BFE-4BAF-AA30-7AFD2566E22A}.Release|Any CPU.ActiveCfg = Release|Any CPU
		{DBEFE47D-0BFE-4BAF-AA30-7AFD2566E22A}.Release|Any CPU.Build.0 = Release|Any CPU
		{6AD4773C-03CD-4F4C-8D77-29A01DFE2CD5}.Debug|Any CPU.ActiveCfg = Debug|Any CPU
		{6AD4773C-03CD-4F4C-8D77-29A01DFE2CD5}.Debug|Any CPU.Build.0 = Debug|Any CPU
		{6AD4773C-03CD-4F4C-8D77-29A01DFE2CD5}.Release|Any CPU.ActiveCfg = Release|Any CPU
		{6AD4773C-03CD-4F4C-8D77-29A01DFE2CD5}.Release|Any CPU.Build.0 = Release|Any CPU
		{3D0FC459-DB72-4112-B2A5-2CFE65AFE4A4}.Debug|Any CPU.ActiveCfg = Debug|Any CPU
		{3D0FC459-DB72-4112-B2A5-2CFE65AFE4A4}.Debug|Any CPU.Build.0 = Debug|Any CPU
		{3D0FC459-DB72-4112-B2A5-2CFE65AFE4A4}.Release|Any CPU.ActiveCfg = Release|Any CPU
		{3D0FC459-DB72-4112-B2A5-2CFE65AFE4A4}.Release|Any CPU.Build.0 = Release|Any CPU
		{F9D629AF-9536-4593-9B46-9199EC87EB8A}.Debug|Any CPU.ActiveCfg = Debug|Any CPU
		{F9D629AF-9536-4593-9B46-9199EC87EB8A}.Debug|Any CPU.Build.0 = Debug|Any CPU
		{F9D629AF-9536-4593-9B46-9199EC87EB8A}.Release|Any CPU.ActiveCfg = Release|Any CPU
		{F9D629AF-9536-4593-9B46-9199EC87EB8A}.Release|Any CPU.Build.0 = Release|Any CPU
		{189553AA-057F-49D5-B6AA-3A2568842414}.Debug|Any CPU.ActiveCfg = Debug|Any CPU
		{189553AA-057F-49D5-B6AA-3A2568842414}.Debug|Any CPU.Build.0 = Debug|Any CPU
		{189553AA-057F-49D5-B6AA-3A2568842414}.Release|Any CPU.ActiveCfg = Release|Any CPU
		{189553AA-057F-49D5-B6AA-3A2568842414}.Release|Any CPU.Build.0 = Release|Any CPU
		{5C50032B-EC06-45DB-89CA-63DEA307E2CF}.Debug|Any CPU.ActiveCfg = Debug|Any CPU
		{5C50032B-EC06-45DB-89CA-63DEA307E2CF}.Debug|Any CPU.Build.0 = Debug|Any CPU
		{5C50032B-EC06-45DB-89CA-63DEA307E2CF}.Release|Any CPU.ActiveCfg = Release|Any CPU
		{5C50032B-EC06-45DB-89CA-63DEA307E2CF}.Release|Any CPU.Build.0 = Release|Any CPU
		{E08AA212-D671-4223-BCB9-F0969B456CF6}.Debug|Any CPU.ActiveCfg = Debug|Any CPU
		{E08AA212-D671-4223-BCB9-F0969B456CF6}.Debug|Any CPU.Build.0 = Debug|Any CPU
		{E08AA212-D671-4223-BCB9-F0969B456CF6}.Release|Any CPU.ActiveCfg = Release|Any CPU
		{E08AA212-D671-4223-BCB9-F0969B456CF6}.Release|Any CPU.Build.0 = Release|Any CPU
		{0F07E214-E117-4CAE-B917-3C85C8FB1347}.Debug|Any CPU.ActiveCfg = Debug|Any CPU
		{0F07E214-E117-4CAE-B917-3C85C8FB1347}.Debug|Any CPU.Build.0 = Debug|Any CPU
		{0F07E214-E117-4CAE-B917-3C85C8FB1347}.Release|Any CPU.ActiveCfg = Release|Any CPU
		{0F07E214-E117-4CAE-B917-3C85C8FB1347}.Release|Any CPU.Build.0 = Release|Any CPU
		{24377AB9-AB46-4255-8937-095F34A9D667}.Debug|Any CPU.ActiveCfg = Debug|Any CPU
		{24377AB9-AB46-4255-8937-095F34A9D667}.Debug|Any CPU.Build.0 = Debug|Any CPU
		{24377AB9-AB46-4255-8937-095F34A9D667}.Release|Any CPU.ActiveCfg = Release|Any CPU
		{24377AB9-AB46-4255-8937-095F34A9D667}.Release|Any CPU.Build.0 = Release|Any CPU
		{DB8AF8B7-083D-4E02-A023-ACE3004680F8}.Debug|Any CPU.ActiveCfg = Debug|Any CPU
		{DB8AF8B7-083D-4E02-A023-ACE3004680F8}.Debug|Any CPU.Build.0 = Debug|Any CPU
		{DB8AF8B7-083D-4E02-A023-ACE3004680F8}.Release|Any CPU.ActiveCfg = Release|Any CPU
		{DB8AF8B7-083D-4E02-A023-ACE3004680F8}.Release|Any CPU.Build.0 = Release|Any CPU
		{75BC8782-BFA3-4A97-8FFE-62F55EF9B1A3}.Debug|Any CPU.ActiveCfg = Debug|Any CPU
		{75BC8782-BFA3-4A97-8FFE-62F55EF9B1A3}.Debug|Any CPU.Build.0 = Debug|Any CPU
		{75BC8782-BFA3-4A97-8FFE-62F55EF9B1A3}.Release|Any CPU.ActiveCfg = Release|Any CPU
		{75BC8782-BFA3-4A97-8FFE-62F55EF9B1A3}.Release|Any CPU.Build.0 = Release|Any CPU
	EndGlobalSection
	GlobalSection(SolutionProperties) = preSolution
		HideSolutionNode = FALSE
	EndGlobalSection
	GlobalSection(NestedProjects) = preSolution
		{EF0CEDC7-5EF2-4842-866E-637250F02C75} = {72EF4A8D-BEBC-4C3E-96E5-325C211AEFCF}
		{1E629A43-6582-40C4-948D-6C6C8E746160} = {EF0CEDC7-5EF2-4842-866E-637250F02C75}
		{6AD4773C-03CD-4F4C-8D77-29A01DFE2CD5} = {EAF15B9F-EEA8-4F4F-B2EF-BF636B4E34A4}
		{7208E29C-4B3E-477A-9698-5DBDCAF1DDF5} = {72EF4A8D-BEBC-4C3E-96E5-325C211AEFCF}
		{3D0FC459-DB72-4112-B2A5-2CFE65AFE4A4} = {7208E29C-4B3E-477A-9698-5DBDCAF1DDF5}
		{5657DE02-AEA4-4FDB-94FB-49973F72FE92} = {72EF4A8D-BEBC-4C3E-96E5-325C211AEFCF}
		{189553AA-057F-49D5-B6AA-3A2568842414} = {5657DE02-AEA4-4FDB-94FB-49973F72FE92}
		{2881AE3D-B9CB-4EC5-953E-0DC3A45CC84E} = {72EF4A8D-BEBC-4C3E-96E5-325C211AEFCF}
		{5C50032B-EC06-45DB-89CA-63DEA307E2CF} = {2881AE3D-B9CB-4EC5-953E-0DC3A45CC84E}
		{E3AE3CC8-0A06-45C1-B5D9-B0C27E86DCB6} = {72EF4A8D-BEBC-4C3E-96E5-325C211AEFCF}
		{E91A5BEF-9157-4711-897A-32855E7F918B} = {E3AE3CC8-0A06-45C1-B5D9-B0C27E86DCB6}
		{52F4F741-680E-41CE-987B-87BD16928AC6} = {72EF4A8D-BEBC-4C3E-96E5-325C211AEFCF}
		{E08AA212-D671-4223-BCB9-F0969B456CF6} = {52F4F741-680E-41CE-987B-87BD16928AC6}
		{714EB5A0-91CB-4B84-8F2A-6C41572687BC} = {72EF4A8D-BEBC-4C3E-96E5-325C211AEFCF}
		{662BD645-F085-4CA3-AB93-57476D12B9CA} = {714EB5A0-91CB-4B84-8F2A-6C41572687BC}
		{7BC88CF7-8F62-422D-9706-97155D4E3E12} = {EAF15B9F-EEA8-4F4F-B2EF-BF636B4E34A4}
		{F9D629AF-9536-4593-9B46-9199EC87EB8A} = {7BC88CF7-8F62-422D-9706-97155D4E3E12}
		{701466A1-51AD-4D50-8932-38CBE71225CF} = {EAF15B9F-EEA8-4F4F-B2EF-BF636B4E34A4}
		{0F07E214-E117-4CAE-B917-3C85C8FB1347} = {701466A1-51AD-4D50-8932-38CBE71225CF}
		{24377AB9-AB46-4255-8937-095F34A9D667} = {EAF15B9F-EEA8-4F4F-B2EF-BF636B4E34A4}
		{DB8AF8B7-083D-4E02-A023-ACE3004680F8} = {2881AE3D-B9CB-4EC5-953E-0DC3A45CC84E}
		{3D69C90A-F6C5-4CEC-8F00-7D2FFC13F025} = {EAF15B9F-EEA8-4F4F-B2EF-BF636B4E34A4}
		{75BC8782-BFA3-4A97-8FFE-62F55EF9B1A3} = {3D69C90A-F6C5-4CEC-8F00-7D2FFC13F025}
	EndGlobalSection
	GlobalSection(ExtensibilityGlobals) = postSolution
		SolutionGuid = {22E75AFB-B62E-4B5F-BB37-AED4AEEDEB26}
	EndGlobalSection
EndGlobal
